
Microsoft Visual Studio Solution File, Format Version 12.00
# Visual Studio Version 17
VisualStudioVersion = 17.3.32825.248
MinimumVisualStudioVersion = 10.0.40219.1
Project("{FAE04EC0-301F-11D3-BF4B-00C04F79EFBC}") = "ClassLogic", "ClassLogic\ClassLogic.csproj", "{76CC649B-5F57-495C-B5F9-AE6AFE32DA3E}"
EndProject
Project("{FAE04EC0-301F-11D3-BF4B-00C04F79EFBC}") = "ChessUI", "ChessUI\ChessUI.csproj", "{1813C945-B9FA-40A1-8ACE-AE06DD6E8202}"
EndProject
Global
	GlobalSection(SolutionConfigurationPlatforms) = preSolution
		Debug|Any CPU = Debug|Any CPU
		Release|Any CPU = Release|Any CPU
	EndGlobalSection
	GlobalSection(ProjectConfigurationPlatforms) = postSolution
		{76CC649B-5F57-495C-B5F9-AE6AFE32DA3E}.Debug|Any CPU.ActiveCfg = Debug|Any CPU
		{76CC649B-5F57-495C-B5F9-AE6AFE32DA3E}.Debug|Any CPU.Build.0 = Debug|Any CPU
		{76CC649B-5F57-495C-B5F9-AE6AFE32DA3E}.Release|Any CPU.ActiveCfg = Release|Any CPU
		{76CC649B-5F57-495C-B5F9-AE6AFE32DA3E}.Release|Any CPU.Build.0 = Release|Any CPU
		{1813C945-B9FA-40A1-8ACE-AE06DD6E8202}.Debug|Any CPU.ActiveCfg = Debug|Any CPU
		{1813C945-B9FA-40A1-8ACE-AE06DD6E8202}.Debug|Any CPU.Build.0 = Debug|Any CPU
		{1813C945-B9FA-40A1-8ACE-AE06DD6E8202}.Release|Any CPU.ActiveCfg = Release|Any CPU
		{1813C945-B9FA-40A1-8ACE-AE06DD6E8202}.Release|Any CPU.Build.0 = Release|Any CPU
	EndGlobalSection
	GlobalSection(SolutionProperties) = preSolution
		HideSolutionNode = FALSE
	EndGlobalSection
	GlobalSection(ExtensibilityGlobals) = postSolution
		SolutionGuid = {8663B4DC-E9B3-43F9-9D1C-DFA0D80554D6}
	EndGlobalSection
EndGlobal
